
Microsoft Visual Studio Solution File, Format Version 12.00
# Visual Studio Version 18
VisualStudioVersion = 18.3.11520.95
MinimumVisualStudioVersion = 10.0.40219.1
Project("{2150E333-8FDC-42A3-9474-1A3956D46DE8}") = "Solution Items", "Solution Items", "{24BD108A-4060-46FA-875A-F5D4CE9CD9BF}"
	ProjectSection(SolutionItems) = preProject
		.editorconfig = .editorconfig
		README.MD = README.MD
	EndProjectSection
EndProject
Project("{2150E333-8FDC-42A3-9474-1A3956D46DE8}") = "YaUsers", "YaUsers", "{FD1A2182-C30C-42D1-940E-4897F6245793}"
	ProjectSection(SolutionItems) = preProject
		YaUsers\README_USERS.MD = YaUsers\README_USERS.MD
	EndProjectSection
EndProject
Project("{2150E333-8FDC-42A3-9474-1A3956D46DE8}") = "YaEvents", "YaEvents", "{E58E65D1-DC2F-45BF-8A61-7A42B987959C}"
	ProjectSection(SolutionItems) = preProject
		YaEvents\README_EVENTS.MD = YaEvents\README_EVENTS.MD
	EndProjectSection
EndProject
Project("{2150E333-8FDC-42A3-9474-1A3956D46DE8}") = "YaBookings", "YaBookings", "{F3AC1C85-5818-4678-A9AB-71DF4A70E2C9}"
	ProjectSection(SolutionItems) = preProject
		YaBookings\README_BOOKINGS.MD = YaBookings\README_BOOKINGS.MD
	EndProjectSection
EndProject
Project("{FAE04EC0-301F-11D3-BF4B-00C04F79EFBC}") = "YaContracts", "YaContracts\YaContracts.csproj", "{680287A0-BCE9-667A-5415-BB203E4DC7BB}"
EndProject
Project("{FAE04EC0-301F-11D3-BF4B-00C04F79EFBC}") = "YaBookings.Application", "YaBookings\Application\YaBookings.Application.csproj", "{CFA4C4F6-EAD2-9F31-833B-CA9A3211EA24}"
EndProject
Project("{FAE04EC0-301F-11D3-BF4B-00C04F79EFBC}") = "YaBookings.Domain", "YaBookings\Domain\YaBookings.Domain.csproj", "{FB98558F-315D-3D34-26AA-E060D5AF2125}"
EndProject
Project("{FAE04EC0-301F-11D3-BF4B-00C04F79EFBC}") = "YaBookings.Infrastructure", "YaBookings\Infrastructure\YaBookings.Infrastructure.csproj", "{7CDD91DF-3025-3A1A-2786-B5CD7EEB2635}"
EndProject
Project("{FAE04EC0-301F-11D3-BF4B-00C04F79EFBC}") = "YaBookings.Presentation", "YaBookings\Presentation\YaBookings.Presentation.csproj", "{28A4DA4C-03E0-5B59-097A-B2DE9E3D617F}"
EndProject
Project("{FAE04EC0-301F-11D3-BF4B-00C04F79EFBC}") = "YaEvents.Application", "YaEvents\Application\YaEvents.Application.csproj", "{A07324CC-66C4-44E7-ACF6-C9181B2D5824}"
EndProject
Project("{FAE04EC0-301F-11D3-BF4B-00C04F79EFBC}") = "YaEvents.Domain", "YaEvents\Domain\YaEvents.Domain.csproj", "{04E9BAFF-C203-409E-0972-11D00FF4303A}"
EndProject
Project("{FAE04EC0-301F-11D3-BF4B-00C04F79EFBC}") = "YaEvents.Infrastructure", "YaEvents\Infrastructure\YaEvents.Infrastructure.csproj", "{4F20C48A-5ABB-627E-E6B0-A1EB2F03CD9E}"
EndProject
Project("{FAE04EC0-301F-11D3-BF4B-00C04F79EFBC}") = "YaEvents.Presentation", "YaEvents\Presentation\YaEvents.Presentation.csproj", "{A4B7908D-64F8-2220-251B-08A284332484}"
EndProject
Project("{FAE04EC0-301F-11D3-BF4B-00C04F79EFBC}") = "YaUsers.Application", "YaUsers\Application\YaUsers.Application.csproj", "{F1B8AE78-6B15-E135-1946-16C964289D1F}"
EndProject
Project("{FAE04EC0-301F-11D3-BF4B-00C04F79EFBC}") = "YaUsers.Domain", "YaUsers\Domain\YaUsers.Domain.csproj", "{48D0DEF9-C1AA-5336-4793-411CA580C501}"
EndProject
Project("{FAE04EC0-301F-11D3-BF4B-00C04F79EFBC}") = "YaUsers.Infrastructure", "YaUsers\Infrastructure\YaUsers.Infrastructure.csproj", "{143968AB-1BCC-12A3-B975-3704A549F46D}"
EndProject
Project("{FAE04EC0-301F-11D3-BF4B-00C04F79EFBC}") = "YaUsers.Presentation", "YaUsers\Presentation\YaUsers.Presentation.csproj", "{71024DD3-49E1-9447-1DA4-615C03BB082F}"
EndProject
Project("{2150E333-8FDC-42A3-9474-1A3956D46DE8}") = "Tests", "Tests", "{203E4CA1-2ADF-4755-A140-95FD573386B6}"
EndProject
Project("{FAE04EC0-301F-11D3-BF4B-00C04F79EFBC}") = "YaEvents.UnitTests", "YaEvents\Tests\YaEvents.UnitTests\YaEvents.UnitTests.csproj", "{8681504F-036D-783A-849E-691E38CC4839}"
EndProject
Global
	GlobalSection(SolutionConfigurationPlatforms) = preSolution
		Debug|Any CPU = Debug|Any CPU
		Release|Any CPU = Release|Any CPU
	EndGlobalSection
	GlobalSection(ProjectConfigurationPlatforms) = postSolution
		{680287A0-BCE9-667A-5415-BB203E4DC7BB}.Debug|Any CPU.ActiveCfg = Debug|Any CPU
		{680287A0-BCE9-667A-5415-BB203E4DC7BB}.Debug|Any CPU.Build.0 = Debug|Any CPU
		{680287A0-BCE9-667A-5415-BB203E4DC7BB}.Release|Any CPU.ActiveCfg = Release|Any CPU
		{680287A0-BCE9-667A-5415-BB203E4DC7BB}.Release|Any CPU.Build.0 = Release|Any CPU
		{CFA4C4F6-EAD2-9F31-833B-CA9A3211EA24}.Debug|Any CPU.ActiveCfg = Debug|Any CPU
		{CFA4C4F6-EAD2-9F31-833B-CA9A3211EA24}.Debug|Any CPU.Build.0 = Debug|Any CPU
		{CFA4C4F6-EAD2-9F31-833B-CA9A3211EA24}.Release|Any CPU.ActiveCfg = Release|Any CPU
		{CFA4C4F6-EAD2-9F31-833B-CA9A3211EA24}.Release|Any CPU.Build.0 = Release|Any CPU
		{FB98558F-315D-3D34-26AA-E060D5AF2125}.Debug|Any CPU.ActiveCfg = Debug|Any CPU
		{FB98558F-315D-3D34-26AA-E060D5AF2125}.Debug|Any CPU.Build.0 = Debug|Any CPU
		{FB98558F-315D-3D34-26AA-E060D5AF2125}.Release|Any CPU.ActiveCfg = Release|Any CPU
		{FB98558F-315D-3D34-26AA-E060D5AF2125}.Release|Any CPU.Build.0 = Release|Any CPU
		{7CDD91DF-3025-3A1A-2786-B5CD7EEB2635}.Debug|Any CPU.ActiveCfg = Debug|Any CPU
		{7CDD91DF-3025-3A1A-2786-B5CD7EEB2635}.Debug|Any CPU.Build.0 = Debug|Any CPU
		{7CDD91DF-3025-3A1A-2786-B5CD7EEB2635}.Release|Any CPU.ActiveCfg = Release|Any CPU
		{7CDD91DF-3025-3A1A-2786-B5CD7EEB2635}.Release|Any CPU.Build.0 = Release|Any CPU
		{28A4DA4C-03E0-5B59-097A-B2DE9E3D617F}.Debug|Any CPU.ActiveCfg = Debug|Any CPU
		{28A4DA4C-03E0-5B59-097A-B2DE9E3D617F}.Debug|Any CPU.Build.0 = Debug|Any CPU
		{28A4DA4C-03E0-5B59-097A-B2DE9E3D617F}.Release|Any CPU.ActiveCfg = Release|Any CPU
		{28A4DA4C-03E0-5B59-097A-B2DE9E3D617F}.Release|Any CPU.Build.0 = Release|Any CPU
		{A07324CC-66C4-44E7-ACF6-C9181B2D5824}.Debug|Any CPU.ActiveCfg = Debug|Any CPU
		{A07324CC-66C4-44E7-ACF6-C9181B2D5824}.Debug|Any CPU.Build.0 = Debug|Any CPU
		{A07324CC-66C4-44E7-ACF6-C9181B2D5824}.Release|Any CPU.ActiveCfg = Release|Any CPU
		{A07324CC-66C4-44E7-ACF6-C9181B2D5824}.Release|Any CPU.Build.0 = Release|Any CPU
		{04E9BAFF-C203-409E-0972-11D00FF4303A}.Debug|Any CPU.ActiveCfg = Debug|Any CPU
		{04E9BAFF-C203-409E-0972-11D00FF4303A}.Debug|Any CPU.Build.0 = Debug|Any CPU
		{04E9BAFF-C203-409E-0972-11D00FF4303A}.Release|Any CPU.ActiveCfg = Release|Any CPU
		{04E9BAFF-C203-409E-0972-11D00FF4303A}.Release|Any CPU.Build.0 = Release|Any CPU
		{4F20C48A-5ABB-627E-E6B0-A1EB2F03CD9E}.Debug|Any CPU.ActiveCfg = Debug|Any CPU
		{4F20C48A-5ABB-627E-E6B0-A1EB2F03CD9E}.Debug|Any CPU.Build.0 = Debug|Any CPU
		{4F20C48A-5ABB-627E-E6B0-A1EB2F03CD9E}.Release|Any CPU.ActiveCfg = Release|Any CPU
		{4F20C48A-5ABB-627E-E6B0-A1EB2F03CD9E}.Release|Any CPU.Build.0 = Release|Any CPU
		{A4B7908D-64F8-2220-251B-08A284332484}.Debug|Any CPU.ActiveCfg = Debug|Any CPU
		{A4B7908D-64F8-2220-251B-08A284332484}.Debug|Any CPU.Build.0 = Debug|Any CPU
		{A4B7908D-64F8-2220-251B-08A284332484}.Release|Any CPU.ActiveCfg = Release|Any CPU
		{A4B7908D-64F8-2220-251B-08A284332484}.Release|Any CPU.Build.0 = Release|Any CPU
		{F1B8AE78-6B15-E135-1946-16C964289D1F}.Debug|Any CPU.ActiveCfg = Debug|Any CPU
		{F1B8AE78-6B15-E135-1946-16C964289D1F}.Debug|Any CPU.Build.0 = Debug|Any CPU
		{F1B8AE78-6B15-E135-1946-16C964289D1F}.Release|Any CPU.ActiveCfg = Release|Any CPU
		{F1B8AE78-6B15-E135-1946-16C964289D1F}.Release|Any CPU.Build.0 = Release|Any CPU
		{48D0DEF9-C1AA-5336-4793-411CA580C501}.Debug|Any CPU.ActiveCfg = Debug|Any CPU
		{48D0DEF9-C1AA-5336-4793-411CA580C501}.Debug|Any CPU.Build.0 = Debug|Any CPU
		{48D0DEF9-C1AA-5336-4793-411CA580C501}.Release|Any CPU.ActiveCfg = Release|Any CPU
		{48D0DEF9-C1AA-5336-4793-411CA580C501}.Release|Any CPU.Build.0 = Release|Any CPU
		{143968AB-1BCC-12A3-B975-3704A549F46D}.Debug|Any CPU.ActiveCfg = Debug|Any CPU
		{143968AB-1BCC-12A3-B975-3704A549F46D}.Debug|Any CPU.Build.0 = Debug|Any CPU
		{143968AB-1BCC-12A3-B975-3704A549F46D}.Release|Any CPU.ActiveCfg = Release|Any CPU
		{143968AB-1BCC-12A3-B975-3704A549F46D}.Release|Any CPU.Build.0 = Release|Any CPU
		{71024DD3-49E1-9447-1DA4-615C03BB082F}.Debug|Any CPU.ActiveCfg = Debug|Any CPU
		{71024DD3-49E1-9447-1DA4-615C03BB082F}.Debug|Any CPU.Build.0 = Debug|Any CPU
		{71024DD3-49E1-9447-1DA4-615C03BB082F}.Release|Any CPU.ActiveCfg = Release|Any CPU
		{71024DD3-49E1-9447-1DA4-615C03BB082F}.Release|Any CPU.Build.0 = Release|Any CPU
		{8681504F-036D-783A-849E-691E38CC4839}.Debug|Any CPU.ActiveCfg = Debug|Any CPU
		{8681504F-036D-783A-849E-691E38CC4839}.Debug|Any CPU.Build.0 = Debug|Any CPU
		{8681504F-036D-783A-849E-691E38CC4839}.Release|Any CPU.ActiveCfg = Release|Any CPU
		{8681504F-036D-783A-849E-691E38CC4839}.Release|Any CPU.Build.0 = Release|Any CPU
	EndGlobalSection
	GlobalSection(SolutionProperties) = preSolution
		HideSolutionNode = FALSE
	EndGlobalSection
	GlobalSection(NestedProjects) = preSolution
		{CFA4C4F6-EAD2-9F31-833B-CA9A3211EA24} = {F3AC1C85-5818-4678-A9AB-71DF4A70E2C9}
		{FB98558F-315D-3D34-26AA-E060D5AF2125} = {F3AC1C85-5818-4678-A9AB-71DF4A70E2C9}
		{7CDD91DF-3025-3A1A-2786-B5CD7EEB2635} = {F3AC1C85-5818-4678-A9AB-71DF4A70E2C9}
		{28A4DA4C-03E0-5B59-097A-B2DE9E3D617F} = {F3AC1C85-5818-4678-A9AB-71DF4A70E2C9}
		{A07324CC-66C4-44E7-ACF6-C9181B2D5824} = {E58E65D1-DC2F-45BF-8A61-7A42B987959C}
		{04E9BAFF-C203-409E-0972-11D00FF4303A} = {E58E65D1-DC2F-45BF-8A61-7A42B987959C}
		{4F20C48A-5ABB-627E-E6B0-A1EB2F03CD9E} = {E58E65D1-DC2F-45BF-8A61-7A42B987959C}
		{A4B7908D-64F8-2220-251B-08A284332484} = {E58E65D1-DC2F-45BF-8A61-7A42B987959C}
		{F1B8AE78-6B15-E135-1946-16C964289D1F} = {FD1A2182-C30C-42D1-940E-4897F6245793}
		{48D0DEF9-C1AA-5336-4793-411CA580C501} = {FD1A2182-C30C-42D1-940E-4897F6245793}
		{143968AB-1BCC-12A3-B975-3704A549F46D} = {FD1A2182-C30C-42D1-940E-4897F6245793}
		{71024DD3-49E1-9447-1DA4-615C03BB082F} = {FD1A2182-C30C-42D1-940E-4897F6245793}
		{203E4CA1-2ADF-4755-A140-95FD573386B6} = {E58E65D1-DC2F-45BF-8A61-7A42B987959C}
		{8681504F-036D-783A-849E-691E38CC4839} = {203E4CA1-2ADF-4755-A140-95FD573386B6}
	EndGlobalSection
	GlobalSection(ExtensibilityGlobals) = postSolution
		SolutionGuid = {AC74E949-AD93-455E-9EE6-75D8CF2CA3D9}
	EndGlobalSection
EndGlobal
