
Microsoft Visual Studio Solution File, Format Version 12.00
# Visual Studio Version 18
VisualStudioVersion = 18.3.11520.95
MinimumVisualStudioVersion = 10.0.40219.1
Project("{2150E333-8FDC-42A3-9474-1A3956D46DE8}") = "Solution Items", "Solution Items", "{24BD108A-4060-46FA-875A-F5D4CE9CD9BF}"
	ProjectSection(SolutionItems) = preProject
		.editorconfig = .editorconfig
		README.MD = README.MD
	EndProjectSection
EndProject
Project("{FAE04EC0-301F-11D3-BF4B-00C04F79EFBC}") = "Domain", "Domain\Domain.csproj", "{AFB9749B-FA0A-4D6F-A769-57A5F3D8ED02}"
EndProject
Project("{FAE04EC0-301F-11D3-BF4B-00C04F79EFBC}") = "Application", "Application\Application.csproj", "{72555675-1151-4B81-BFC0-D628C2AA25E0}"
EndProject
Project("{FAE04EC0-301F-11D3-BF4B-00C04F79EFBC}") = "Infrastructure", "Infrastructure\Infrastructure.csproj", "{D72A97E1-2D58-4D81-9273-6C2B2F50173F}"
EndProject
Project("{2150E333-8FDC-42A3-9474-1A3956D46DE8}") = "Tests", "Tests", "{1DEAB618-C378-4ED8-91C8-E1BBEF47BE3E}"
EndProject
Project("{FAE04EC0-301F-11D3-BF4B-00C04F79EFBC}") = "UnitTests", "Tests\UnitTests\UnitTests.csproj", "{9D1DD2CD-7B04-4472-4377-027563F356CA}"
EndProject
Project("{FAE04EC0-301F-11D3-BF4B-00C04F79EFBC}") = "IntegrationTests", "Tests\IntegrationTests\IntegrationTests.csproj", "{FF77485D-96D1-B1AA-B58F-3986BE3ADB27}"
EndProject
Project("{FAE04EC0-301F-11D3-BF4B-00C04F79EFBC}") = "E2ETests", "Tests\E2ETests\E2ETests.csproj", "{0397F4D6-039D-F7A8-12A3-4FE4A6FA0687}"
EndProject
Project("{FAE04EC0-301F-11D3-BF4B-00C04F79EFBC}") = "Presentation", "Presentation\Presentation.csproj", "{26BB4B99-E4DB-8D6F-9A99-39E9DFD5E68A}"
EndProject
Project("{2150E333-8FDC-42A3-9474-1A3956D46DE8}") = "Services", "Services", "{C18A1A95-D5B9-4CE7-8496-1EAF2F7242A6}"
EndProject
Project("{2150E333-8FDC-42A3-9474-1A3956D46DE8}") = "YaUsers", "YaUsers", "{FD1A2182-C30C-42D1-940E-4897F6245793}"
EndProject
Project("{FAE04EC0-301F-11D3-BF4B-00C04F79EFBC}") = "Domain", "Services\YaUsers\Domain\Domain.csproj", "{F0E96E3A-03DA-4A98-AFDC-46E8BCFFFFDB}"
EndProject
Project("{FAE04EC0-301F-11D3-BF4B-00C04F79EFBC}") = "Application", "Services\YaUsers\Application\Application.csproj", "{C9378D62-47EE-4995-B092-E8C0212F86BF}"
	ProjectSection(ProjectDependencies) = postProject
		{F0E96E3A-03DA-4A98-AFDC-46E8BCFFFFDB} = {F0E96E3A-03DA-4A98-AFDC-46E8BCFFFFDB}
	EndProjectSection
EndProject
Project("{2150E333-8FDC-42A3-9474-1A3956D46DE8}") = "YaEvents", "YaEvents", "{E58E65D1-DC2F-45BF-8A61-7A42B987959C}"
EndProject
Project("{2150E333-8FDC-42A3-9474-1A3956D46DE8}") = "YaBookings", "YaBookings", "{F3AC1C85-5818-4678-A9AB-71DF4A70E2C9}"
EndProject
Project("{FAE04EC0-301F-11D3-BF4B-00C04F79EFBC}") = "Domain", "Services\YaEvents\Domain\Domain.csproj", "{D2A361B2-3114-4264-A4A7-381DB2E05CCE}"
EndProject
Project("{FAE04EC0-301F-11D3-BF4B-00C04F79EFBC}") = "Domain", "Services\YaBookings\Domain\Domain.csproj", "{4642D934-C1CF-474D-A8D3-B0C42ECBDF25}"
EndProject
Project("{FAE04EC0-301F-11D3-BF4B-00C04F79EFBC}") = "Application", "Services\YaBookings\Application\Application.csproj", "{4B0E4246-C98E-497C-B222-E1C6FFADDB89}"
	ProjectSection(ProjectDependencies) = postProject
		{4642D934-C1CF-474D-A8D3-B0C42ECBDF25} = {4642D934-C1CF-474D-A8D3-B0C42ECBDF25}
	EndProjectSection
EndProject
Project("{FAE04EC0-301F-11D3-BF4B-00C04F79EFBC}") = "Application", "Services\YaEvents\Application\Application.csproj", "{ADAFE40E-3915-4A0F-8824-5CD5761330DD}"
	ProjectSection(ProjectDependencies) = postProject
		{D2A361B2-3114-4264-A4A7-381DB2E05CCE} = {D2A361B2-3114-4264-A4A7-381DB2E05CCE}
	EndProjectSection
EndProject
Project("{FAE04EC0-301F-11D3-BF4B-00C04F79EFBC}") = "Infrastructure", "Services\YaBookings\Infrastructure\Infrastructure.csproj", "{064FE7E0-3322-4802-AA34-1AFD2F32E63C}"
	ProjectSection(ProjectDependencies) = postProject
		{4642D934-C1CF-474D-A8D3-B0C42ECBDF25} = {4642D934-C1CF-474D-A8D3-B0C42ECBDF25}
		{4B0E4246-C98E-497C-B222-E1C6FFADDB89} = {4B0E4246-C98E-497C-B222-E1C6FFADDB89}
	EndProjectSection
EndProject
Project("{FAE04EC0-301F-11D3-BF4B-00C04F79EFBC}") = "Infrastructure", "Services\YaEvents\Infrastructure\Infrastructure.csproj", "{E1DECAFD-4853-4722-B2B1-6A40875F0832}"
	ProjectSection(ProjectDependencies) = postProject
		{ADAFE40E-3915-4A0F-8824-5CD5761330DD} = {ADAFE40E-3915-4A0F-8824-5CD5761330DD}
		{D2A361B2-3114-4264-A4A7-381DB2E05CCE} = {D2A361B2-3114-4264-A4A7-381DB2E05CCE}
	EndProjectSection
EndProject
Project("{FAE04EC0-301F-11D3-BF4B-00C04F79EFBC}") = "Infrastructure", "Services\YaUsers\Infrastructure\Infrastructure.csproj", "{392B57C2-0564-4E4C-8DAC-73DBA23F1E93}"
	ProjectSection(ProjectDependencies) = postProject
		{C9378D62-47EE-4995-B092-E8C0212F86BF} = {C9378D62-47EE-4995-B092-E8C0212F86BF}
		{F0E96E3A-03DA-4A98-AFDC-46E8BCFFFFDB} = {F0E96E3A-03DA-4A98-AFDC-46E8BCFFFFDB}
	EndProjectSection
EndProject
Project("{FAE04EC0-301F-11D3-BF4B-00C04F79EFBC}") = "Presentation", "Services\YaBookings\Presentation\Presentation.csproj", "{331CFF7A-49E1-4164-A5F7-6109ADCC352C}"
	ProjectSection(ProjectDependencies) = postProject
		{064FE7E0-3322-4802-AA34-1AFD2F32E63C} = {064FE7E0-3322-4802-AA34-1AFD2F32E63C}
		{4B0E4246-C98E-497C-B222-E1C6FFADDB89} = {4B0E4246-C98E-497C-B222-E1C6FFADDB89}
	EndProjectSection
EndProject
Project("{FAE04EC0-301F-11D3-BF4B-00C04F79EFBC}") = "Presentation", "Services\YaEvents\Presentation\Presentation.csproj", "{635CFB80-25C3-47E6-823E-1C17F0FC88E0}"
	ProjectSection(ProjectDependencies) = postProject
		{ADAFE40E-3915-4A0F-8824-5CD5761330DD} = {ADAFE40E-3915-4A0F-8824-5CD5761330DD}
		{E1DECAFD-4853-4722-B2B1-6A40875F0832} = {E1DECAFD-4853-4722-B2B1-6A40875F0832}
	EndProjectSection
EndProject
Project("{FAE04EC0-301F-11D3-BF4B-00C04F79EFBC}") = "Presentation", "Services\YaUsers\Presentation\Presentation.csproj", "{78420FBD-A323-463C-8818-64CFA8CE92F4}"
	ProjectSection(ProjectDependencies) = postProject
		{392B57C2-0564-4E4C-8DAC-73DBA23F1E93} = {392B57C2-0564-4E4C-8DAC-73DBA23F1E93}
		{C9378D62-47EE-4995-B092-E8C0212F86BF} = {C9378D62-47EE-4995-B092-E8C0212F86BF}
	EndProjectSection
EndProject
Project("{FAE04EC0-301F-11D3-BF4B-00C04F79EFBC}") = "YaContracts", "Services\YaContracts\YaContracts.csproj", "{BFF225CA-CFFD-4585-B3B1-835514D20D44}"
EndProject
Global
	GlobalSection(SolutionConfigurationPlatforms) = preSolution
		Debug|Any CPU = Debug|Any CPU
		Release|Any CPU = Release|Any CPU
	EndGlobalSection
	GlobalSection(ProjectConfigurationPlatforms) = postSolution
		{AFB9749B-FA0A-4D6F-A769-57A5F3D8ED02}.Debug|Any CPU.ActiveCfg = Debug|Any CPU
		{AFB9749B-FA0A-4D6F-A769-57A5F3D8ED02}.Debug|Any CPU.Build.0 = Debug|Any CPU
		{AFB9749B-FA0A-4D6F-A769-57A5F3D8ED02}.Release|Any CPU.ActiveCfg = Release|Any CPU
		{AFB9749B-FA0A-4D6F-A769-57A5F3D8ED02}.Release|Any CPU.Build.0 = Release|Any CPU
		{72555675-1151-4B81-BFC0-D628C2AA25E0}.Debug|Any CPU.ActiveCfg = Debug|Any CPU
		{72555675-1151-4B81-BFC0-D628C2AA25E0}.Debug|Any CPU.Build.0 = Debug|Any CPU
		{72555675-1151-4B81-BFC0-D628C2AA25E0}.Release|Any CPU.ActiveCfg = Release|Any CPU
		{72555675-1151-4B81-BFC0-D628C2AA25E0}.Release|Any CPU.Build.0 = Release|Any CPU
		{D72A97E1-2D58-4D81-9273-6C2B2F50173F}.Debug|Any CPU.ActiveCfg = Debug|Any CPU
		{D72A97E1-2D58-4D81-9273-6C2B2F50173F}.Debug|Any CPU.Build.0 = Debug|Any CPU
		{D72A97E1-2D58-4D81-9273-6C2B2F50173F}.Release|Any CPU.ActiveCfg = Release|Any CPU
		{D72A97E1-2D58-4D81-9273-6C2B2F50173F}.Release|Any CPU.Build.0 = Release|Any CPU
		{9D1DD2CD-7B04-4472-4377-027563F356CA}.Debug|Any CPU.ActiveCfg = Debug|Any CPU
		{9D1DD2CD-7B04-4472-4377-027563F356CA}.Debug|Any CPU.Build.0 = Debug|Any CPU
		{9D1DD2CD-7B04-4472-4377-027563F356CA}.Release|Any CPU.ActiveCfg = Release|Any CPU
		{9D1DD2CD-7B04-4472-4377-027563F356CA}.Release|Any CPU.Build.0 = Release|Any CPU
		{FF77485D-96D1-B1AA-B58F-3986BE3ADB27}.Debug|Any CPU.ActiveCfg = Debug|Any CPU
		{FF77485D-96D1-B1AA-B58F-3986BE3ADB27}.Debug|Any CPU.Build.0 = Debug|Any CPU
		{FF77485D-96D1-B1AA-B58F-3986BE3ADB27}.Release|Any CPU.ActiveCfg = Release|Any CPU
		{FF77485D-96D1-B1AA-B58F-3986BE3ADB27}.Release|Any CPU.Build.0 = Release|Any CPU
		{0397F4D6-039D-F7A8-12A3-4FE4A6FA0687}.Debug|Any CPU.ActiveCfg = Debug|Any CPU
		{0397F4D6-039D-F7A8-12A3-4FE4A6FA0687}.Debug|Any CPU.Build.0 = Debug|Any CPU
		{0397F4D6-039D-F7A8-12A3-4FE4A6FA0687}.Release|Any CPU.ActiveCfg = Release|Any CPU
		{0397F4D6-039D-F7A8-12A3-4FE4A6FA0687}.Release|Any CPU.Build.0 = Release|Any CPU
		{26BB4B99-E4DB-8D6F-9A99-39E9DFD5E68A}.Debug|Any CPU.ActiveCfg = Debug|Any CPU
		{26BB4B99-E4DB-8D6F-9A99-39E9DFD5E68A}.Debug|Any CPU.Build.0 = Debug|Any CPU
		{26BB4B99-E4DB-8D6F-9A99-39E9DFD5E68A}.Release|Any CPU.ActiveCfg = Release|Any CPU
		{26BB4B99-E4DB-8D6F-9A99-39E9DFD5E68A}.Release|Any CPU.Build.0 = Release|Any CPU
		{F0E96E3A-03DA-4A98-AFDC-46E8BCFFFFDB}.Debug|Any CPU.ActiveCfg = Debug|Any CPU
		{F0E96E3A-03DA-4A98-AFDC-46E8BCFFFFDB}.Debug|Any CPU.Build.0 = Debug|Any CPU
		{F0E96E3A-03DA-4A98-AFDC-46E8BCFFFFDB}.Release|Any CPU.ActiveCfg = Release|Any CPU
		{F0E96E3A-03DA-4A98-AFDC-46E8BCFFFFDB}.Release|Any CPU.Build.0 = Release|Any CPU
		{C9378D62-47EE-4995-B092-E8C0212F86BF}.Debug|Any CPU.ActiveCfg = Debug|Any CPU
		{C9378D62-47EE-4995-B092-E8C0212F86BF}.Debug|Any CPU.Build.0 = Debug|Any CPU
		{C9378D62-47EE-4995-B092-E8C0212F86BF}.Release|Any CPU.ActiveCfg = Release|Any CPU
		{C9378D62-47EE-4995-B092-E8C0212F86BF}.Release|Any CPU.Build.0 = Release|Any CPU
		{D2A361B2-3114-4264-A4A7-381DB2E05CCE}.Debug|Any CPU.ActiveCfg = Debug|Any CPU
		{D2A361B2-3114-4264-A4A7-381DB2E05CCE}.Debug|Any CPU.Build.0 = Debug|Any CPU
		{D2A361B2-3114-4264-A4A7-381DB2E05CCE}.Release|Any CPU.ActiveCfg = Release|Any CPU
		{D2A361B2-3114-4264-A4A7-381DB2E05CCE}.Release|Any CPU.Build.0 = Release|Any CPU
		{4642D934-C1CF-474D-A8D3-B0C42ECBDF25}.Debug|Any CPU.ActiveCfg = Debug|Any CPU
		{4642D934-C1CF-474D-A8D3-B0C42ECBDF25}.Debug|Any CPU.Build.0 = Debug|Any CPU
		{4642D934-C1CF-474D-A8D3-B0C42ECBDF25}.Release|Any CPU.ActiveCfg = Release|Any CPU
		{4642D934-C1CF-474D-A8D3-B0C42ECBDF25}.Release|Any CPU.Build.0 = Release|Any CPU
		{4B0E4246-C98E-497C-B222-E1C6FFADDB89}.Debug|Any CPU.ActiveCfg = Debug|Any CPU
		{4B0E4246-C98E-497C-B222-E1C6FFADDB89}.Debug|Any CPU.Build.0 = Debug|Any CPU
		{4B0E4246-C98E-497C-B222-E1C6FFADDB89}.Release|Any CPU.ActiveCfg = Release|Any CPU
		{4B0E4246-C98E-497C-B222-E1C6FFADDB89}.Release|Any CPU.Build.0 = Release|Any CPU
		{ADAFE40E-3915-4A0F-8824-5CD5761330DD}.Debug|Any CPU.ActiveCfg = Debug|Any CPU
		{ADAFE40E-3915-4A0F-8824-5CD5761330DD}.Debug|Any CPU.Build.0 = Debug|Any CPU
		{ADAFE40E-3915-4A0F-8824-5CD5761330DD}.Release|Any CPU.ActiveCfg = Release|Any CPU
		{ADAFE40E-3915-4A0F-8824-5CD5761330DD}.Release|Any CPU.Build.0 = Release|Any CPU
		{064FE7E0-3322-4802-AA34-1AFD2F32E63C}.Debug|Any CPU.ActiveCfg = Debug|Any CPU
		{064FE7E0-3322-4802-AA34-1AFD2F32E63C}.Debug|Any CPU.Build.0 = Debug|Any CPU
		{064FE7E0-3322-4802-AA34-1AFD2F32E63C}.Release|Any CPU.ActiveCfg = Release|Any CPU
		{064FE7E0-3322-4802-AA34-1AFD2F32E63C}.Release|Any CPU.Build.0 = Release|Any CPU
		{E1DECAFD-4853-4722-B2B1-6A40875F0832}.Debug|Any CPU.ActiveCfg = Debug|Any CPU
		{E1DECAFD-4853-4722-B2B1-6A40875F0832}.Debug|Any CPU.Build.0 = Debug|Any CPU
		{E1DECAFD-4853-4722-B2B1-6A40875F0832}.Release|Any CPU.ActiveCfg = Release|Any CPU
		{E1DECAFD-4853-4722-B2B1-6A40875F0832}.Release|Any CPU.Build.0 = Release|Any CPU
		{392B57C2-0564-4E4C-8DAC-73DBA23F1E93}.Debug|Any CPU.ActiveCfg = Debug|Any CPU
		{392B57C2-0564-4E4C-8DAC-73DBA23F1E93}.Debug|Any CPU.Build.0 = Debug|Any CPU
		{392B57C2-0564-4E4C-8DAC-73DBA23F1E93}.Release|Any CPU.ActiveCfg = Release|Any CPU
		{392B57C2-0564-4E4C-8DAC-73DBA23F1E93}.Release|Any CPU.Build.0 = Release|Any CPU
		{331CFF7A-49E1-4164-A5F7-6109ADCC352C}.Debug|Any CPU.ActiveCfg = Debug|Any CPU
		{331CFF7A-49E1-4164-A5F7-6109ADCC352C}.Debug|Any CPU.Build.0 = Debug|Any CPU
		{331CFF7A-49E1-4164-A5F7-6109ADCC352C}.Release|Any CPU.ActiveCfg = Release|Any CPU
		{331CFF7A-49E1-4164-A5F7-6109ADCC352C}.Release|Any CPU.Build.0 = Release|Any CPU
		{635CFB80-25C3-47E6-823E-1C17F0FC88E0}.Debug|Any CPU.ActiveCfg = Debug|Any CPU
		{635CFB80-25C3-47E6-823E-1C17F0FC88E0}.Debug|Any CPU.Build.0 = Debug|Any CPU
		{635CFB80-25C3-47E6-823E-1C17F0FC88E0}.Release|Any CPU.ActiveCfg = Release|Any CPU
		{635CFB80-25C3-47E6-823E-1C17F0FC88E0}.Release|Any CPU.Build.0 = Release|Any CPU
		{78420FBD-A323-463C-8818-64CFA8CE92F4}.Debug|Any CPU.ActiveCfg = Debug|Any CPU
		{78420FBD-A323-463C-8818-64CFA8CE92F4}.Debug|Any CPU.Build.0 = Debug|Any CPU
		{78420FBD-A323-463C-8818-64CFA8CE92F4}.Release|Any CPU.ActiveCfg = Release|Any CPU
		{78420FBD-A323-463C-8818-64CFA8CE92F4}.Release|Any CPU.Build.0 = Release|Any CPU
		{BFF225CA-CFFD-4585-B3B1-835514D20D44}.Debug|Any CPU.ActiveCfg = Debug|Any CPU
		{BFF225CA-CFFD-4585-B3B1-835514D20D44}.Debug|Any CPU.Build.0 = Debug|Any CPU
		{BFF225CA-CFFD-4585-B3B1-835514D20D44}.Release|Any CPU.ActiveCfg = Release|Any CPU
		{BFF225CA-CFFD-4585-B3B1-835514D20D44}.Release|Any CPU.Build.0 = Release|Any CPU
	EndGlobalSection
	GlobalSection(SolutionProperties) = preSolution
		HideSolutionNode = FALSE
	EndGlobalSection
	GlobalSection(NestedProjects) = preSolution
		{9D1DD2CD-7B04-4472-4377-027563F356CA} = {1DEAB618-C378-4ED8-91C8-E1BBEF47BE3E}
		{FF77485D-96D1-B1AA-B58F-3986BE3ADB27} = {1DEAB618-C378-4ED8-91C8-E1BBEF47BE3E}
		{0397F4D6-039D-F7A8-12A3-4FE4A6FA0687} = {1DEAB618-C378-4ED8-91C8-E1BBEF47BE3E}
		{FD1A2182-C30C-42D1-940E-4897F6245793} = {C18A1A95-D5B9-4CE7-8496-1EAF2F7242A6}
		{F0E96E3A-03DA-4A98-AFDC-46E8BCFFFFDB} = {FD1A2182-C30C-42D1-940E-4897F6245793}
		{C9378D62-47EE-4995-B092-E8C0212F86BF} = {FD1A2182-C30C-42D1-940E-4897F6245793}
		{E58E65D1-DC2F-45BF-8A61-7A42B987959C} = {C18A1A95-D5B9-4CE7-8496-1EAF2F7242A6}
		{F3AC1C85-5818-4678-A9AB-71DF4A70E2C9} = {C18A1A95-D5B9-4CE7-8496-1EAF2F7242A6}
		{D2A361B2-3114-4264-A4A7-381DB2E05CCE} = {E58E65D1-DC2F-45BF-8A61-7A42B987959C}
		{4642D934-C1CF-474D-A8D3-B0C42ECBDF25} = {F3AC1C85-5818-4678-A9AB-71DF4A70E2C9}
		{4B0E4246-C98E-497C-B222-E1C6FFADDB89} = {F3AC1C85-5818-4678-A9AB-71DF4A70E2C9}
		{ADAFE40E-3915-4A0F-8824-5CD5761330DD} = {E58E65D1-DC2F-45BF-8A61-7A42B987959C}
		{064FE7E0-3322-4802-AA34-1AFD2F32E63C} = {F3AC1C85-5818-4678-A9AB-71DF4A70E2C9}
		{E1DECAFD-4853-4722-B2B1-6A40875F0832} = {E58E65D1-DC2F-45BF-8A61-7A42B987959C}
		{392B57C2-0564-4E4C-8DAC-73DBA23F1E93} = {FD1A2182-C30C-42D1-940E-4897F6245793}
		{331CFF7A-49E1-4164-A5F7-6109ADCC352C} = {F3AC1C85-5818-4678-A9AB-71DF4A70E2C9}
		{635CFB80-25C3-47E6-823E-1C17F0FC88E0} = {E58E65D1-DC2F-45BF-8A61-7A42B987959C}
		{78420FBD-A323-463C-8818-64CFA8CE92F4} = {FD1A2182-C30C-42D1-940E-4897F6245793}
		{BFF225CA-CFFD-4585-B3B1-835514D20D44} = {C18A1A95-D5B9-4CE7-8496-1EAF2F7242A6}
	EndGlobalSection
	GlobalSection(ExtensibilityGlobals) = postSolution
		SolutionGuid = {AC74E949-AD93-455E-9EE6-75D8CF2CA3D9}
	EndGlobalSection
EndGlobal
